<?xml version="1.0" encoding="utf-8"?>
<Project ToolsVersion="4.0" xmlns="http://schemas.microsoft.com/developer/msbuild/2003">
  <ItemGroup>
    <Filter Include="Source Files">
      <UniqueIdentifier>{4FC737F1-C7A5-4376-A066-2A32D752A2FF}</UniqueIdentifier>
      <Extensions>cpp;c;cc;cxx;c++;def;odl;idl;hpj;bat;asm;asmx</Extensions>
    </Filter>
    <Filter Include="Header Files">
      <UniqueIdentifier>{93995380-89BD-4b04-88EB-625FBE52EBFB}</UniqueIdentifier>
      <Extensions>h;hh;hpp;hxx;h++;hm;inl;inc;ipp;xsd</Extensions>
    </Filter>
    <Filter Include="Resource Files">
      <UniqueIdentifier>{67DA6AB6-F800-4c08-8B7A-83BB121AAD01}</UniqueIdentifier>
      <Extensions>rc;ico;cur;bmp;dlg;rc2;rct;bin;rgs;gif;jpg;jpeg;jpe;resx;tiff;tif;png;wav;mfcribbon-ms</Extensions>
    </Filter>
    <Filter Include="Header Files\Specifications">
      <UniqueIdentifier>{a359a93f-5e31-4d9d-9420-a6a616dedf30}</UniqueIdentifier>
    </Filter>
    <Filter Include="Header Files\Sessions">
      <UniqueIdentifier>{5f125ef2-7345-41d2-b75e-4735f2a7495f}</UniqueIdentifier>
    </Filter>
    <Filter Include="Source Files\Sessions">
      <UniqueIdentifier>{36270700-9dad-4936-b9b8-e52870d14a98}</UniqueIdentifier>
    </Filter>
    <Filter Include="Header Files\Entities">
      <UniqueIdentifier>{06bad823-6871-4980-aa79-3edeff44e5f4}</UniqueIdentifier>
    </Filter>
    <Filter Include="Source Files\Entities">
      <UniqueIdentifier>{6027f170-3fd6-499a-aa6e-35c959cbafdc}</UniqueIdentifier>
    </Filter>
    <Filter Include="Source Files\Specifications">
      <UniqueIdentifier>{4aa02ec8-c90c-47f7-a29e-37b06440bcbb}</UniqueIdentifier>
    </Filter>
  </ItemGroup>
  <ItemGroup>
    <ClCompile Include="src\game.cpp">
      <Filter>Source Files</Filter>
    </ClCompile>
    <ClCompile Include="src\main.cpp">
      <Filter>Source Files</Filter>
    </ClCompile>
    <ClCompile Include="src\Tracy\TracyClient.cpp">
      <Filter>Resource Files</Filter>
    </ClCompile>
    <ClCompile Include="src\Session\demo.cpp">
      <Filter>Source Files\Sessions</Filter>
    </ClCompile>
    <ClCompile Include="src\global.cpp">
      <Filter>Source Files\Specifications</Filter>
    </ClCompile>
  </ItemGroup>
  <ItemGroup>
    <ClInclude Include="src\defaultSettings.h">
      <Filter>Header Files\Specifications</Filter>
    </ClInclude>
    <ClInclude Include="src\game.h">
      <Filter>Header Files</Filter>
    </ClInclude>
    <ClInclude Include="src\Session\demo.h">
      <Filter>Header Files\Sessions</Filter>
    </ClInclude>
    <ClInclude Include="src\global.h">
      <Filter>Header Files\Specifications</Filter>
    </ClInclude>
  </ItemGroup>
</Project>