<?xml version="1.0" encoding="utf-8"?>
<Project ToolsVersion="4.0" xmlns="http://schemas.microsoft.com/developer/msbuild/2003">
  <ItemGroup>
    <ClCompile Include="src\vector.c">
      <Filter>Internal Dependencies</Filter>
    </ClCompile>
    <ClCompile Include="src\utf8-utils.c">
      <Filter>Internal Dependencies</Filter>
    </ClCompile>
    <ClCompile Include="src\texture-atlas.c">
      <Filter>Internal Dependencies</Filter>
    </ClCompile>
    <ClCompile Include="src\texture-font.c">
      <Filter>Internal Dependencies</Filter>
    </ClCompile>
    <ClCompile Include="src\json11.cpp">
      <Filter>Internal Dependencies</Filter>
    </ClCompile>
    <ClCompile Include="src\glad.c">
      <Filter>Internal Dependencies</Filter>
    </ClCompile>
    <ClCompile Include="src\edtaa3func.c">
      <Filter>Internal Dependencies</Filter>
    </ClCompile>
    <ClCompile Include="src\distance-field.c">
      <Filter>Internal Dependencies</Filter>
    </ClCompile>
    <ClCompile Include="src\Compound\animator2D.cpp">
      <Filter>Source Files\Compound</Filter>
    </ClCompile>
    <ClCompile Include="src\Modules FrontEnd\audio.cpp">
      <Filter>Source Files\Module</Filter>
    </ClCompile>
    <ClCompile Include="src\Data Structure\bitData.cpp">
      <Filter>Source Files\Data Structures</Filter>
    </ClCompile>
    <ClCompile Include="src\Utilities\bitOperation.cpp">
      <Filter>Source Files\Data Structures</Filter>
    </ClCompile>
    <ClCompile Include="src\Data Structure\bitPacker.cpp">
      <Filter>Source Files\Data Structures</Filter>
    </ClCompile>
    <ClCompile Include="src\Data Structure\bitSplitter.cpp">
      <Filter>Source Files\Data Structures</Filter>
    </ClCompile>
    <ClCompile Include="src\Modules BackEnd\collision.cpp">
      <Filter>Source Files\Data Structures</Filter>
    </ClCompile>
    <ClCompile Include="src\Modules BackEnd\camera.cpp">
      <Filter>Source Files\Module</Filter>
    </ClCompile>
    <ClCompile Include="src\Utilities\crypto.cpp">
      <Filter>Source Files\Utilities</Filter>
    </ClCompile>
    <ClCompile Include="src\Utilities\debug.cpp">
      <Filter>Source Files\Utilities</Filter>
    </ClCompile>
    <ClCompile Include="src\Specification\entity.cpp">
      <Filter>Source Files\Specification</Filter>
    </ClCompile>
    <ClCompile Include="src\Utilities\generalUtil.cpp">
      <Filter>Source Files\Utilities</Filter>
    </ClCompile>
    <ClCompile Include="src\Utilities\logger.cpp">
      <Filter>Source Files\Utilities</Filter>
    </ClCompile>
    <ClCompile Include="src\Compound\Model.cpp">
      <Filter>Source Files\Compound</Filter>
    </ClCompile>
    <ClCompile Include="src\Compound\mesh.cpp">
      <Filter>Source Files\Compound</Filter>
    </ClCompile>
    <ClCompile Include="src\Modules BackEnd\window.cpp">
      <Filter>Source Files\Module</Filter>
    </ClCompile>
    <ClCompile Include="src\Modules BackEnd\physics.cpp">
      <Filter>Source Files\Module</Filter>
    </ClCompile>
    <ClCompile Include="src\Modules BackEnd\library.cpp">
      <Filter>Source Files\Specification</Filter>
    </ClCompile>
    <ClCompile Include="src\Manipulators\geometry.cpp">
      <Filter>Source Files\Manipulator</Filter>
    </ClCompile>
    <ClCompile Include="src\Utilities\random.cpp">
      <Filter>Source Files\Utilities</Filter>
    </ClCompile>
    <ClCompile Include="src\Utilities\timer.cpp">
      <Filter>Source Files\Utilities</Filter>
    </ClCompile>
    <ClCompile Include="src\Compound\transform.cpp">
      <Filter>Source Files\Manipulator</Filter>
    </ClCompile>
    <ClCompile Include="src\Compound\texture.cpp">
      <Filter>Source Files\Manipulator</Filter>
    </ClCompile>
    <ClCompile Include="src\Compound\shaderProgram.cpp">
      <Filter>Source Files\Manipulator</Filter>
    </ClCompile>
    <ClCompile Include="src\Modules BackEnd\keyboard.cpp">
      <Filter>Source Files\Module</Filter>
    </ClCompile>
    <ClCompile Include="src\Modules BackEnd\mouse.cpp">
      <Filter>Source Files\Module</Filter>
    </ClCompile>
    <ClCompile Include="src\Manipulators\system.cpp">
      <Filter>Source Files\Manipulator</Filter>
    </ClCompile>
    <ClCompile Include="src\Manipulators\shader.cpp">
      <Filter>Source Files\Manipulator</Filter>
    </ClCompile>
    <ClCompile Include="src\Modules FrontEnd\pathFinder.cpp">
      <Filter>Source Files\Module\Path Finding</Filter>
    </ClCompile>
    <ClCompile Include="src\Modules FrontEnd\pathNode.cpp">
      <Filter>Source Files\Module\Path Finding</Filter>
    </ClCompile>
    <ClCompile Include="src\Specification\session.cpp">
      <Filter>Source Files\Specification</Filter>
    </ClCompile>
    <ClCompile Include="src\Manipulators\renderer.cpp">
      <Filter>Source Files\Manipulator</Filter>
    </ClCompile>
    <ClCompile Include="src\Modules BackEnd\eventHandle.cpp">
      <Filter>Source Files\Module</Filter>
    </ClCompile>
    <ClCompile Include="src\Modules FrontEnd\Text.cpp">
      <Filter>Source Files\Module</Filter>
    </ClCompile>
  </ItemGroup>
  <ItemGroup>
    <ClInclude Include="src\Compound\animator2D.h">
      <Filter>Source Files\Compound</Filter>
    </ClInclude>
    <ClInclude Include="src\Modules FrontEnd\audio.h">
      <Filter>Source Files\Module</Filter>
    </ClInclude>
    <ClInclude Include="src\Data Structure\binaryTree.hpp">
      <Filter>Source Files\Data Structures</Filter>
    </ClInclude>
    <ClInclude Include="src\Data Structure\bitData.h">
      <Filter>Source Files\Data Structures</Filter>
    </ClInclude>
    <ClInclude Include="src\Utilities\bitOperation.h">
      <Filter>Source Files\Data Structures</Filter>
    </ClInclude>
    <ClInclude Include="src\Data Structure\bitPacker.h">
      <Filter>Source Files\Data Structures</Filter>
    </ClInclude>
    <ClInclude Include="src\Data Structure\bitSplitter.h">
      <Filter>Source Files\Data Structures</Filter>
    </ClInclude>
    <ClInclude Include="src\Data Structure\circularQueue.hpp">
      <Filter>Source Files\Data Structures</Filter>
    </ClInclude>
    <ClInclude Include="src\Modules BackEnd\camera.h">
      <Filter>Source Files\Module</Filter>
    </ClInclude>
    <ClInclude Include="src\Modules BackEnd\collision.h">
      <Filter>Source Files\Module</Filter>
    </ClInclude>
    <ClInclude Include="src\Utilities\crypto.h">
      <Filter>Source Files\Utilities</Filter>
    </ClInclude>
    <ClInclude Include="src\Utilities\debug.h">
      <Filter>Source Files\Utilities</Filter>
    </ClInclude>
    <ClInclude Include="src\Data Structure\doubleLinkedList.hpp">
      <Filter>Source Files\Data Structures</Filter>
    </ClInclude>
    <ClInclude Include="src\Specification\entity.h">
      <Filter>Source Files\Specification</Filter>
    </ClInclude>
    <ClInclude Include="src\Utilities\generalUtil.h">
      <Filter>Source Files\Utilities</Filter>
    </ClInclude>
    <ClInclude Include="src\Utilities\logger.h">
      <Filter>Source Files\Utilities</Filter>
    </ClInclude>
    <ClInclude Include="src\Compound\Model.h">
      <Filter>Source Files\Compound</Filter>
    </ClInclude>
    <ClInclude Include="src\Compound\mesh.h">
      <Filter>Source Files\Compound</Filter>
    </ClInclude>
    <ClInclude Include="src\Modules BackEnd\window.h">
      <Filter>Source Files\Module</Filter>
    </ClInclude>
    <ClInclude Include="src\Modules BackEnd\physics.h">
      <Filter>Source Files\Module</Filter>
    </ClInclude>
    <ClInclude Include="src\Data Structure\hashMap.hpp">
      <Filter>Source Files\Data Structures</Filter>
    </ClInclude>
    <ClInclude Include="src\Modules BackEnd\library.h">
      <Filter>Source Files\Specification</Filter>
    </ClInclude>
    <ClInclude Include="src\Manipulators\geometry.h">
      <Filter>Source Files\Manipulator</Filter>
    </ClInclude>
    <ClInclude Include="src\Utilities\random.h">
      <Filter>Source Files\Utilities</Filter>
    </ClInclude>
    <ClInclude Include="src\Data Structure\linkedList.hpp">
      <Filter>Source Files\Data Structures</Filter>
    </ClInclude>
    <ClInclude Include="src\Utilities\timer.h">
      <Filter>Source Files\Utilities</Filter>
    </ClInclude>
    <ClInclude Include="src\Compound\transform.h">
      <Filter>Source Files\Manipulator</Filter>
    </ClInclude>
    <ClInclude Include="src\Compound\texture.h">
      <Filter>Source Files\Manipulator</Filter>
    </ClInclude>
    <ClInclude Include="src\Compound\shaderProgram.h">
      <Filter>Source Files\Manipulator</Filter>
    </ClInclude>
    <ClInclude Include="src\Modules BackEnd\keyboard.h">
      <Filter>Source Files\Module</Filter>
    </ClInclude>
    <ClInclude Include="src\Modules BackEnd\mouse.h">
      <Filter>Source Files\Module</Filter>
    </ClInclude>
    <ClInclude Include="src\Manipulators\system.h">
      <Filter>Source Files\Manipulator</Filter>
    </ClInclude>
    <ClInclude Include="src\Manipulators\shader.h">
      <Filter>Source Files\Manipulator</Filter>
    </ClInclude>
    <ClInclude Include="src\Modules FrontEnd\pathFinder.h">
      <Filter>Source Files\Module\Path Finding</Filter>
    </ClInclude>
    <ClInclude Include="src\Modules FrontEnd\pathNode.h">
      <Filter>Source Files\Module\Path Finding</Filter>
    </ClInclude>
    <ClInclude Include="src\Specification\resource.h">
      <Filter>Source Files\Specification</Filter>
    </ClInclude>
    <ClInclude Include="src\Specification\session.h">
      <Filter>Source Files\Specification</Filter>
    </ClInclude>
    <ClInclude Include="src\Data Structure\node2D.hpp">
      <Filter>Source Files\Data Structures</Filter>
    </ClInclude>
    <ClInclude Include="src\Modules BackEnd\eventHandle.h">
      <Filter>Source Files\Module</Filter>
    </ClInclude>
    <ClInclude Include="src\Manipulators\renderer.h">
      <Filter>Source Files\Manipulator</Filter>
    </ClInclude>
    <ClInclude Include="src\Modules FrontEnd\Text.h">
      <Filter>Source Files\Module</Filter>
    </ClInclude>
  </ItemGroup>
  <ItemGroup>
    <None Include="..\Shaders\animation2D.vert">
      <Filter>Resources</Filter>
    </None>
    <None Include="..\Shaders\animation2D.frag">
      <Filter>Resources</Filter>
    </None>
    <None Include="..\Shaders\blur.frag">
      <Filter>Resources</Filter>
    </None>
    <None Include="..\Shaders\bloom.frag">
      <Filter>Resources</Filter>
    </None>
    <None Include="..\Shaders\default.frag">
      <Filter>Resources</Filter>
    </None>
    <None Include="..\Shaders\default.vert">
      <Filter>Resources</Filter>
    </None>
    <None Include="..\Shaders\depth.frag">
      <Filter>Resources</Filter>
    </None>
    <None Include="..\Shaders\dijkstra.frag">
      <Filter>Resources</Filter>
    </None>
    <None Include="..\Shaders\gameOfLife.frag">
      <Filter>Resources</Filter>
    </None>
    <None Include="..\Shaders\colourBlend.frag">
      <Filter>Resources</Filter>
    </None>
    <None Include="..\Shaders\initTextureColour.frag">
      <Filter>Resources</Filter>
    </None>
    <None Include="..\Shaders\lightingSprite.frag">
      <Filter>Resources</Filter>
    </None>
    <None Include="..\Shaders\lightingSprite.vert">
      <Filter>Resources</Filter>
    </None>
    <None Include="..\Shaders\mouseToScreen.frag">
      <Filter>Resources</Filter>
    </None>
    <None Include="..\Shaders\skybox.frag">
      <Filter>Resources</Filter>
    </None>
    <None Include="..\Shaders\skybox.vert">
      <Filter>Resources</Filter>
    </None>
    <None Include="..\Shaders\spriteAnimation.frag">
      <Filter>Resources</Filter>
    </None>
    <None Include="..\Shaders\spriteAnimation.vert">
      <Filter>Resources</Filter>
    </None>
    <None Include="..\Shaders\texelModify.frag">
      <Filter>Resources</Filter>
    </None>
    <None Include="..\Shaders\textureBlend.frag">
      <Filter>Resources</Filter>
    </None>
  </ItemGroup>
  <ItemGroup>
    <Filter Include="Internal Dependencies">
      <UniqueIdentifier>{721bc8ad-116f-473e-ad03-b14bba0444a1}</UniqueIdentifier>
    </Filter>
    <Filter Include="Resources">
      <UniqueIdentifier>{7c4ae4c8-a867-4866-b9a3-bb6aa89f59d2}</UniqueIdentifier>
    </Filter>
    <Filter Include="Source Files">
      <UniqueIdentifier>{d71a7277-d525-445d-bdb6-64d5f7cdbe53}</UniqueIdentifier>
    </Filter>
    <Filter Include="Source Files\Compound">
      <UniqueIdentifier>{098c9306-00bd-4b9b-a9ea-0de39e165a67}</UniqueIdentifier>
    </Filter>
    <Filter Include="Source Files\Manipulator">
      <UniqueIdentifier>{6b3bee31-7df8-46f6-8f88-be9f4add588b}</UniqueIdentifier>
    </Filter>
    <Filter Include="Source Files\Module">
      <UniqueIdentifier>{4c0c6e83-d264-4609-ab00-40b8f48c1a4e}</UniqueIdentifier>
    </Filter>
    <Filter Include="Source Files\Specification">
      <UniqueIdentifier>{f7925a70-25ac-4153-ae8b-b694ee21d1ec}</UniqueIdentifier>
    </Filter>
    <Filter Include="Source Files\Utilities">
      <UniqueIdentifier>{5d0b20aa-b7ea-4c46-a137-3885cca7640e}</UniqueIdentifier>
    </Filter>
    <Filter Include="Source Files\Data Structures">
      <UniqueIdentifier>{350e6a09-2c69-4ea5-92f7-30cccee4fb33}</UniqueIdentifier>
    </Filter>
    <Filter Include="Source Files\Module\Path Finding">
      <UniqueIdentifier>{68e47d8b-e120-47e9-95f5-9719b3f592d9}</UniqueIdentifier>
    </Filter>
    <Filter Include="Source Files\Module\Flocking">
      <UniqueIdentifier>{6d0d4308-4727-466b-be44-d7baad125efc}</UniqueIdentifier>
    </Filter>
  </ItemGroup>
</Project>