<?xml version="1.0" encoding="utf-8"?>
<Project ToolsVersion="4.0" xmlns="http://schemas.microsoft.com/developer/msbuild/2003">
  <ItemGroup>
    <Filter Include="Resource Files">
      <UniqueIdentifier>{67DA6AB6-F800-4c08-8B7A-83BB121AAD01}</UniqueIdentifier>
      <Extensions>rc;ico;cur;bmp;dlg;rc2;rct;bin;rgs;gif;jpg;jpeg;jpe;resx;tiff;tif;png;wav;mfcribbon-ms</Extensions>
    </Filter>
    <Filter Include="Source Files">
      <UniqueIdentifier>{93995380-89BD-4b04-88EB-625FBE52EBFB}</UniqueIdentifier>
      <Extensions>h;hpp;hxx;hm;inl;inc;xsd</Extensions>
    </Filter>
    <Filter Include="Source Files\Math">
      <UniqueIdentifier>{90e062a0-0b2b-401e-88c5-752cfbc5f271}</UniqueIdentifier>
    </Filter>
    <Filter Include="Source Files\Utilities">
      <UniqueIdentifier>{9f9b4c7c-1ac1-479f-b57b-16a01500b679}</UniqueIdentifier>
    </Filter>
    <Filter Include="Source Files\Data Structures">
      <UniqueIdentifier>{9dc8bdef-9dbb-408f-89a9-6cb327d7c024}</UniqueIdentifier>
    </Filter>
    <Filter Include="Source Files\Modules">
      <UniqueIdentifier>{f12c548e-1942-4dc6-8bbe-662c76ec575b}</UniqueIdentifier>
    </Filter>
    <Filter Include="Source Files\Modules\Front End">
      <UniqueIdentifier>{d79d4645-8d4c-400e-9514-ec50593a93d3}</UniqueIdentifier>
    </Filter>
    <Filter Include="Source Files\Modules\Front End\Pathfinding">
      <UniqueIdentifier>{82eb01e5-e23a-41c4-9efd-0c7f458d4c91}</UniqueIdentifier>
    </Filter>
    <Filter Include="Source Files\Modules\Back End">
      <UniqueIdentifier>{76d04c22-b346-47b9-bfd1-97902ff9e381}</UniqueIdentifier>
    </Filter>
    <Filter Include="Source Files\Compound">
      <UniqueIdentifier>{e65d2059-44f3-42dd-8dc3-969138a15c1f}</UniqueIdentifier>
    </Filter>
    <Filter Include="Source Files\Manipulators">
      <UniqueIdentifier>{bf9c3a92-09ef-4ee8-a2cc-f8d6acbed51a}</UniqueIdentifier>
    </Filter>
    <Filter Include="Source Files\Specification">
      <UniqueIdentifier>{93fadb4f-fac6-46d5-a5a6-f9e09e1d27c8}</UniqueIdentifier>
    </Filter>
    <Filter Include="Internal Dependencies">
      <UniqueIdentifier>{c7325826-31fc-4241-9de4-21d6de944ee1}</UniqueIdentifier>
    </Filter>
  </ItemGroup>
  <ItemGroup>
    <ClCompile Include="src\Utilities\timer.cpp">
      <Filter>Source Files\Utilities</Filter>
    </ClCompile>
    <ClCompile Include="src\Utilities\bitOperation.cpp">
      <Filter>Source Files\Utilities</Filter>
    </ClCompile>
    <ClCompile Include="src\Utilities\crypto.cpp">
      <Filter>Source Files\Utilities</Filter>
    </ClCompile>
    <ClCompile Include="src\Utilities\debug.cpp">
      <Filter>Source Files\Utilities</Filter>
    </ClCompile>
    <ClCompile Include="src\Utilities\generalUtil.cpp">
      <Filter>Source Files\Utilities</Filter>
    </ClCompile>
    <ClCompile Include="src\Utilities\logger.cpp">
      <Filter>Source Files\Utilities</Filter>
    </ClCompile>
    <ClCompile Include="src\Utilities\random.cpp">
      <Filter>Source Files\Utilities</Filter>
    </ClCompile>
    <ClCompile Include="src\Specification\session.cpp">
      <Filter>Source Files\Specification</Filter>
    </ClCompile>
    <ClCompile Include="src\Specification\entity.cpp">
      <Filter>Source Files\Specification</Filter>
    </ClCompile>
    <ClCompile Include="src\Modules FrontEnd\audio.cpp">
      <Filter>Source Files\Modules\Front End</Filter>
    </ClCompile>
    <ClCompile Include="src\Modules FrontEnd\pathFinder.cpp">
      <Filter>Source Files\Modules\Front End\Pathfinding</Filter>
    </ClCompile>
    <ClCompile Include="src\Modules FrontEnd\pathNode.cpp">
      <Filter>Source Files\Modules\Front End\Pathfinding</Filter>
    </ClCompile>
    <ClCompile Include="src\Modules BackEnd\window.cpp">
      <Filter>Source Files\Modules\Back End</Filter>
    </ClCompile>
    <ClCompile Include="src\Modules BackEnd\camera.cpp">
      <Filter>Source Files\Modules\Back End</Filter>
    </ClCompile>
    <ClCompile Include="src\Modules BackEnd\collision.cpp">
      <Filter>Source Files\Modules\Back End</Filter>
    </ClCompile>
    <ClCompile Include="src\Modules BackEnd\keyboard.cpp">
      <Filter>Source Files\Modules\Back End</Filter>
    </ClCompile>
    <ClCompile Include="src\Modules BackEnd\library.cpp">
      <Filter>Source Files\Modules\Back End</Filter>
    </ClCompile>
    <ClCompile Include="src\Modules BackEnd\mouse.cpp">
      <Filter>Source Files\Modules\Back End</Filter>
    </ClCompile>
    <ClCompile Include="src\Modules BackEnd\physics.cpp">
      <Filter>Source Files\Modules\Back End</Filter>
    </ClCompile>
    <ClCompile Include="src\Manipulators\system.cpp">
      <Filter>Source Files\Manipulators</Filter>
    </ClCompile>
    <ClCompile Include="src\Manipulators\geometry.cpp">
      <Filter>Source Files\Manipulators</Filter>
    </ClCompile>
    <ClCompile Include="src\Manipulators\renderer.cpp">
      <Filter>Source Files\Manipulators</Filter>
    </ClCompile>
    <ClCompile Include="src\Manipulators\shader.cpp">
      <Filter>Source Files\Manipulators</Filter>
    </ClCompile>

    <ClCompile Include="src\Modules BackEnd\library.cpp">
      <Filter>Source Files\Modules\Back End</Filter>
    </ClCompile>
    <ClCompile Include="src\Compound\animator2D.cpp">
      <Filter>Source Files\Compound</Filter>
    </ClCompile>
    <ClCompile Include="src\Compound\mesh.cpp">
      <Filter>Source Files\Compound</Filter>
    </ClCompile>
    <ClCompile Include="src\Compound\Model.cpp">
      <Filter>Source Files\Compound</Filter>
    </ClCompile>
    <ClCompile Include="src\Compound\shaderProgram.cpp">
      <Filter>Source Files\Compound</Filter>
    </ClCompile>
    <ClCompile Include="src\Compound\texture.cpp">
      <Filter>Source Files\Compound</Filter>
    </ClCompile>
    <ClCompile Include="src\Compound\transform.cpp">
      <Filter>Source Files\Compound</Filter>
    </ClCompile>
    <ClCompile Include="src\Math\generalMath.cpp">
      <Filter>Source Files\Math</Filter>
    </ClCompile>
    <ClCompile Include="src\Math\straightLineEquation.cpp">
      <Filter>Source Files\Math</Filter>
    </ClCompile>
    <ClCompile Include="src\distance-field.c">
      <Filter>Internal Dependencies</Filter>
    </ClCompile>
    <ClCompile Include="src\edtaa3func.c">
      <Filter>Internal Dependencies</Filter>
    </ClCompile>
    <ClCompile Include="src\glad.c">
      <Filter>Internal Dependencies</Filter>
    </ClCompile>
    <ClCompile Include="src\json11.cpp">
      <Filter>Internal Dependencies</Filter>
    </ClCompile>
    <ClCompile Include="src\texture-atlas.c">
      <Filter>Internal Dependencies</Filter>
    </ClCompile>
    <ClCompile Include="src\texture-font.c">
      <Filter>Internal Dependencies</Filter>
    </ClCompile>
    <ClCompile Include="src\utf8-utils.c">
      <Filter>Internal Dependencies</Filter>
    </ClCompile>
    <ClCompile Include="src\vector.c">
      <Filter>Internal Dependencies</Filter>
    </ClCompile>
  </ItemGroup>
  <ItemGroup>
    <ClInclude Include="src\Math\straightLineEquation.h">
      <Filter>Source Files\Math</Filter>
    </ClInclude>
    <ClInclude Include="src\Math\generalMath.h">
      <Filter>Source Files\Math</Filter>
    </ClInclude>
    <ClInclude Include="src\Compound\transform.h">
      <Filter>Source Files\Compound</Filter>
    </ClInclude>
    <ClInclude Include="src\Manipulators\geometry.h">
      <Filter>Source Files\Manipulators</Filter>
    </ClInclude>
    <ClInclude Include="src\Manipulators\shader.h">
      <Filter>Source Files\Manipulators</Filter>
    </ClInclude>
    <ClInclude Include="src\Specification\entity.h">
      <Filter>Source Files\Specification</Filter>
    </ClInclude>
    <ClInclude Include="src\Specification\session.h">
      <Filter>Source Files\Specification</Filter>
    </ClInclude>
    <ClInclude Include="src\Utilities\bitOperation.h">
      <Filter>Source Files\Utilities</Filter>
    </ClInclude>
    <ClInclude Include="src\Utilities\crypto.h">
      <Filter>Source Files\Utilities</Filter>
    </ClInclude>
    <ClInclude Include="src\Utilities\debug.h">
      <Filter>Source Files\Utilities</Filter>
    </ClInclude>
    <ClInclude Include="src\Utilities\generalUtil.h">
      <Filter>Source Files\Utilities</Filter>
    </ClInclude>
    <ClInclude Include="src\Utilities\logger.h">
      <Filter>Source Files\Utilities</Filter>
    </ClInclude>
    <ClInclude Include="src\Utilities\random.h">
      <Filter>Source Files\Utilities</Filter>
    </ClInclude>
    <ClInclude Include="src\Utilities\timer.h">
      <Filter>Source Files\Utilities</Filter>
    </ClInclude>
    <ClInclude Include="src\Modules BackEnd\camera.h">
      <Filter>Source Files\Modules\Back End</Filter>
    </ClInclude>
    <ClInclude Include="src\Modules BackEnd\keyboard.h">
      <Filter>Source Files\Modules\Back End</Filter>
    </ClInclude>
    <ClInclude Include="src\Modules BackEnd\mouse.h">
      <Filter>Source Files\Modules\Back End</Filter>
    </ClInclude>
    <ClInclude Include="src\Modules BackEnd\physics.h">
      <Filter>Source Files\Modules\Back End</Filter>
    </ClInclude>
    <ClInclude Include="src\Modules BackEnd\window.h">
      <Filter>Source Files\Modules\Back End</Filter>
    </ClInclude>
    <ClInclude Include="src\Modules FrontEnd\pathFinder.h">
      <Filter>Source Files\Modules\Front End\Pathfinding</Filter>
    </ClInclude>
    <ClInclude Include="src\Modules FrontEnd\pathNode.h">
      <Filter>Source Files\Modules\Front End\Pathfinding</Filter>
    </ClInclude>
    <ClInclude Include="src\Modules BackEnd\collision.h">
      <Filter>Source Files\Modules\Back End</Filter>
    </ClInclude>
    <ClInclude Include="src\Modules FrontEnd\audio.h">
      <Filter>Header Files\Modules\Front End</Filter>
  
    <ClInclude Include="src\Modules BackEnd\library.h">
      <Filter>Source Files\Modules\Back End</Filter>
    </ClInclude>
    <ClInclude Include="src\Specification\resource.h">
      <Filter>Source Files\Specification</Filter>
    </ClInclude>
    <ClInclude Include="src\Compound\texture.h">
      <Filter>Source Files\Compound</Filter>
    </ClInclude>
    <ClInclude Include="src\Compound\shaderProgram.h">
      <Filter>Source Files\Compound</Filter>
    </ClInclude>
    <ClInclude Include="src\Compound\animator2D.h">
      <Filter>Source Files\Compound</Filter>
    </ClInclude>
    <ClInclude Include="src\Compound\mesh.h">
      <Filter>Source Files\Compound</Filter>
    </ClInclude>
    <ClInclude Include="src\Compound\Model.h">
      <Filter>Source Files\Compound</Filter>
    </ClInclude>
    <ClInclude Include="src\Manipulators\renderer.h">
      <Filter>Source Files\Manipulators</Filter>
    </ClInclude>
    <ClInclude Include="src\Manipulators\system.h">
      <Filter>Source Files\Manipulators</Filter>
    </ClInclude>
    <ClInclude Include="src\Data Structure\binaryTree.hpp">
      <Filter>Source Files\Data Structures</Filter>
    </ClInclude>
    <ClInclude Include="src\Data Structure\bitData.h">
      <Filter>Source Files\Data Structures</Filter>
    </ClInclude>
    <ClInclude Include="src\Data Structure\circularQueue.hpp">
      <Filter>Source Files\Data Structures</Filter>
    </ClInclude>
    <ClInclude Include="src\Data Structure\doubleLinkedList.hpp">
      <Filter>Source Files\Data Structures</Filter>
    </ClInclude>
    <ClInclude Include="src\Data Structure\hashMap.hpp">
      <Filter>Source Files\Data Structures</Filter>
    </ClInclude>
    <ClInclude Include="src\Data Structure\linkedList.hpp">
      <Filter>Source Files\Data Structures</Filter>
    </ClInclude>
    <ClInclude Include="src\Data Structure\node2D.hpp">
      <Filter>Source Files\Data Structures</Filter>
    </ClInclude>
    <ClInclude Include="src\Data Structure\bitPacker.h">
      <Filter>Source Files\Data Structures</Filter>
    </ClInclude>
    <ClInclude Include="src\Data Structure\bitSplitter.h">
      <Filter>Source Files\Data Structures</Filter>
    </ClInclude>
  </ItemGroup>
  <ItemGroup>
    <None Include="..\Shaders\animation2D.frag">
      <Filter>Resource Files</Filter>
    </None>
    <None Include="..\Shaders\animation2D.vert">
      <Filter>Resource Files</Filter>
    </None>
    <None Include="..\Shaders\bloom.frag">
      <Filter>Resource Files</Filter>
    </None>
    <None Include="..\Shaders\blur.frag">
      <Filter>Resource Files</Filter>
    </None>
    <None Include="..\Shaders\colourBlend.frag">
      <Filter>Resource Files</Filter>
    </None>
    <None Include="..\Shaders\default.frag">
      <Filter>Resource Files</Filter>
    </None>
    <None Include="..\Shaders\default.vert">
      <Filter>Resource Files</Filter>
    </None>
    <None Include="..\Shaders\depth.frag">
      <Filter>Resource Files</Filter>
    </None>
    <None Include="..\Shaders\dijkstra.frag">
      <Filter>Resource Files</Filter>
    </None>
    <None Include="..\Shaders\gameOfLife.frag">
      <Filter>Resource Files</Filter>
    </None>
    <None Include="..\Shaders\initTextureColour.frag">
      <Filter>Resource Files</Filter>
    </None>
    <None Include="..\Shaders\lightingSprite.frag">
      <Filter>Resource Files</Filter>
    </None>
    <None Include="..\Shaders\lightingSprite.vert">
      <Filter>Resource Files</Filter>
    </None>
    <None Include="..\Shaders\mouseToScreen.frag">
      <Filter>Resource Files</Filter>
    </None>
    <None Include="..\Shaders\skybox.frag">
      <Filter>Resource Files</Filter>
    </None>
    <None Include="..\Shaders\skybox.vert">
      <Filter>Resource Files</Filter>
    </None>
    <None Include="..\Shaders\spriteAnimation.frag">
      <Filter>Resource Files</Filter>
    </None>
    <None Include="..\Shaders\spriteAnimation.vert">
      <Filter>Resource Files</Filter>
    </None>
    <None Include="..\Shaders\texelModify.frag">
      <Filter>Resource Files</Filter>
    </None>
    <None Include="..\Shaders\textureBlend.frag">
      <Filter>Resource Files</Filter>
    </None>
  </ItemGroup>
</Project>